{
  "nodes": {
    "nixpkgs": {
      "locked": {
        "lastModified": 1758815217,
        "narHash": "sha256-GFtcjnA8ioc7H2/7jGdPVswVtQpbJEQ6rba1ApIo/rQ=",
        "path": "/nix/store/959b52x9gi46hyrprs676qgdq0rhqaq3-source",
        "rev": "90dbd9d4fba2bf7e0286a21e778fc4b5580424a4",
        "type": "path"
      },
      "original": {
        "id": "nixpkgs",
        "type": "indirect"
      }
    },
    "root": {
      "inputs": {
        "nixpkgs": "nixpkgs"
      }
    }
  },
  "root": "root",
  "version": 7
}
